
Microsoft Visual Studio Solution File, Format Version 12.00
# Visual Studio Version 16
VisualStudioVersion = 16.0.31515.178
MinimumVisualStudioVersion = 10.0.40219.1
Project("{FAE04EC0-301F-11D3-BF4B-00C04F79EFBC}") = "RepositoriosTakeAPI", "RepositoriosTakeAPI\RepositoriosTakeAPI.csproj", "{C3F09E3B-1BF7-419A-A983-74083C36199F}"
EndProject
Global
	GlobalSection(SolutionConfigurationPlatforms) = preSolution
		Debug|Any CPU = Debug|Any CPU
		Release|Any CPU = Release|Any CPU
	EndGlobalSection
	GlobalSection(ProjectConfigurationPlatforms) = postSolution
		{C3F09E3B-1BF7-419A-A983-74083C36199F}.Debug|Any CPU.ActiveCfg = Debug|Any CPU
		{C3F09E3B-1BF7-419A-A983-74083C36199F}.Debug|Any CPU.Build.0 = Debug|Any CPU
		{C3F09E3B-1BF7-419A-A983-74083C36199F}.Release|Any CPU.ActiveCfg = Release|Any CPU
		{C3F09E3B-1BF7-419A-A983-74083C36199F}.Release|Any CPU.Build.0 = Release|Any CPU
	EndGlobalSection
	GlobalSection(SolutionProperties) = preSolution
		HideSolutionNode = FALSE
	EndGlobalSection
	GlobalSection(ExtensibilityGlobals) = postSolution
		SolutionGuid = {1F214AAB-512E-4C76-A698-E8BF6ECA40D8}
	EndGlobalSection
EndGlobal
